
Microsoft Visual Studio Solution File, Format Version 12.00
# Visual Studio Version 16
VisualStudioVersion = 16.0.29709.97
MinimumVisualStudioVersion = 10.0.40219.1
Project("{FAE04EC0-301F-11D3-BF4B-00C04F79EFBC}") = "Doms", "Doms.csproj", "{9890DE14-B243-4FBC-8D15-D8272E0E3156}"
EndProject
Project("{FAE04EC0-301F-11D3-BF4B-00C04F79EFBC}") = "BAL", "..\BAL\BAL.csproj", "{405B87B8-1AEC-4FB6-ADFE-7C626B60BE89}"
EndProject
Project("{FAE04EC0-301F-11D3-BF4B-00C04F79EFBC}") = "DAL", "..\DAL\DAL.csproj", "{2B5F08E2-F653-42EF-A1E4-4C4896A5589E}"
EndProject
Project("{FAE04EC0-301F-11D3-BF4B-00C04F79EFBC}") = "DTO", "..\DTO\DTO.csproj", "{AECCEA77-121C-42A3-85B2-A7D3DF2DD789}"
EndProject
Global
	GlobalSection(SolutionConfigurationPlatforms) = preSolution
		Debug|Any CPU = Debug|Any CPU
		Release|Any CPU = Release|Any CPU
	EndGlobalSection
	GlobalSection(ProjectConfigurationPlatforms) = postSolution
		{9890DE14-B243-4FBC-8D15-D8272E0E3156}.Debug|Any CPU.ActiveCfg = Debug|Any CPU
		{9890DE14-B243-4FBC-8D15-D8272E0E3156}.Debug|Any CPU.Build.0 = Debug|Any CPU
		{9890DE14-B243-4FBC-8D15-D8272E0E3156}.Release|Any CPU.ActiveCfg = Release|Any CPU
		{9890DE14-B243-4FBC-8D15-D8272E0E3156}.Release|Any CPU.Build.0 = Release|Any CPU
		{405B87B8-1AEC-4FB6-ADFE-7C626B60BE89}.Debug|Any CPU.ActiveCfg = Debug|Any CPU
		{405B87B8-1AEC-4FB6-ADFE-7C626B60BE89}.Debug|Any CPU.Build.0 = Debug|Any CPU
		{405B87B8-1AEC-4FB6-ADFE-7C626B60BE89}.Release|Any CPU.ActiveCfg = Release|Any CPU
		{405B87B8-1AEC-4FB6-ADFE-7C626B60BE89}.Release|Any CPU.Build.0 = Release|Any CPU
		{2B5F08E2-F653-42EF-A1E4-4C4896A5589E}.Debug|Any CPU.ActiveCfg = Debug|Any CPU
		{2B5F08E2-F653-42EF-A1E4-4C4896A5589E}.Debug|Any CPU.Build.0 = Debug|Any CPU
		{2B5F08E2-F653-42EF-A1E4-4C4896A5589E}.Release|Any CPU.ActiveCfg = Release|Any CPU
		{2B5F08E2-F653-42EF-A1E4-4C4896A5589E}.Release|Any CPU.Build.0 = Release|Any CPU
		{AECCEA77-121C-42A3-85B2-A7D3DF2DD789}.Debug|Any CPU.ActiveCfg = Debug|Any CPU
		{AECCEA77-121C-42A3-85B2-A7D3DF2DD789}.Debug|Any CPU.Build.0 = Debug|Any CPU
		{AECCEA77-121C-42A3-85B2-A7D3DF2DD789}.Release|Any CPU.ActiveCfg = Release|Any CPU
		{AECCEA77-121C-42A3-85B2-A7D3DF2DD789}.Release|Any CPU.Build.0 = Release|Any CPU
	EndGlobalSection
	GlobalSection(SolutionProperties) = preSolution
		HideSolutionNode = FALSE
	EndGlobalSection
	GlobalSection(ExtensibilityGlobals) = postSolution
		SolutionGuid = {4F64D50F-6706-4522-BD99-BBEB492ED7BB}
	EndGlobalSection
EndGlobal
